
Microsoft Visual Studio Solution File, Format Version 12.00
# Visual Studio Version 17
VisualStudioVersion = 17.10.34928.147
MinimumVisualStudioVersion = 10.0.40219.1
Project("{FAE04EC0-301F-11D3-BF4B-00C04F79EFBC}") = "BookGuestAjax", "BookGuestAjax.csproj", "{0B7A0C03-FB8B-4206-AE34-7BE109EF30AB}"
EndProject
Global
	GlobalSection(SolutionConfigurationPlatforms) = preSolution
		Debug|Any CPU = Debug|Any CPU
		Release|Any CPU = Release|Any CPU
	EndGlobalSection
	GlobalSection(ProjectConfigurationPlatforms) = postSolution
		{0B7A0C03-FB8B-4206-AE34-7BE109EF30AB}.Debug|Any CPU.ActiveCfg = Debug|Any CPU
		{0B7A0C03-FB8B-4206-AE34-7BE109EF30AB}.Debug|Any CPU.Build.0 = Debug|Any CPU
		{0B7A0C03-FB8B-4206-AE34-7BE109EF30AB}.Release|Any CPU.ActiveCfg = Release|Any CPU
		{0B7A0C03-FB8B-4206-AE34-7BE109EF30AB}.Release|Any CPU.Build.0 = Release|Any CPU
	EndGlobalSection
	GlobalSection(SolutionProperties) = preSolution
		HideSolutionNode = FALSE
	EndGlobalSection
	GlobalSection(ExtensibilityGlobals) = postSolution
		SolutionGuid = {18D0AC86-9CD5-4F6B-8765-41F7B3195B3F}
	EndGlobalSection
EndGlobal
